
Microsoft Visual Studio Solution File, Format Version 12.00
# Visual Studio Version 16
VisualStudioVersion = 16.0.31410.357
MinimumVisualStudioVersion = 10.0.40219.1
Project("{FAE04EC0-301F-11D3-BF4B-00C04F79EFBC}") = "ClockifyApp", "ClockifyApp\ClockifyApp.csproj", "{D4A36354-010A-4843-B44E-663E8C809035}"
EndProject
Global
	GlobalSection(SolutionConfigurationPlatforms) = preSolution
		Debug|Any CPU = Debug|Any CPU
		Release|Any CPU = Release|Any CPU
	EndGlobalSection
	GlobalSection(ProjectConfigurationPlatforms) = postSolution
		{D4A36354-010A-4843-B44E-663E8C809035}.Debug|Any CPU.ActiveCfg = Debug|Any CPU
		{D4A36354-010A-4843-B44E-663E8C809035}.Debug|Any CPU.Build.0 = Debug|Any CPU
		{D4A36354-010A-4843-B44E-663E8C809035}.Release|Any CPU.ActiveCfg = Release|Any CPU
		{D4A36354-010A-4843-B44E-663E8C809035}.Release|Any CPU.Build.0 = Release|Any CPU
	EndGlobalSection
	GlobalSection(SolutionProperties) = preSolution
		HideSolutionNode = FALSE
	EndGlobalSection
	GlobalSection(ExtensibilityGlobals) = postSolution
		SolutionGuid = {B7ABD9BB-7E28-4959-93BC-1E1993059E34}
	EndGlobalSection
EndGlobal
